# This file is automatically @generated by Cargo.
# It is not intended for manual editing.
version = 3

[[package]]
name = "clippo-applet"
version = "0.1.0"

[[package]]
name = "clippo-cli"
version = "0.1.0"

[[package]]
name = "clippo-core"
version = "0.1.0"

[[package]]
name = "clippo-ipc"
version = "0.1.0"

[[package]]
name = "clippo-store"
version = "0.1.0"

[[package]]
name = "clippo-wayland"
version = "0.1.0"

[[package]]
name = "clippod"
version = "0.1.0"
